
Microsoft Visual Studio Solution File, Format Version 12.00
# Visual Studio Version 16
VisualStudioVersion = 16.0.30114.105
MinimumVisualStudioVersion = 10.0.40219.1
Project("{FAE04EC0-301F-11D3-BF4B-00C04F79EFBC}") = "SampleCode4_U3606A_U2751A", "SampleCode4_U3606A_U2751A\SampleCode4_U3606A_U2751A.csproj", "{BB7E9B56-182F-4C2B-BD24-FD912A0263A0}"
EndProject
Global
	GlobalSection(SolutionConfigurationPlatforms) = preSolution
		Debug|Any CPU = Debug|Any CPU
		Release|Any CPU = Release|Any CPU
	EndGlobalSection
	GlobalSection(ProjectConfigurationPlatforms) = postSolution
		{BB7E9B56-182F-4C2B-BD24-FD912A0263A0}.Debug|Any CPU.ActiveCfg = Debug|Any CPU
		{BB7E9B56-182F-4C2B-BD24-FD912A0263A0}.Debug|Any CPU.Build.0 = Debug|Any CPU
		{BB7E9B56-182F-4C2B-BD24-FD912A0263A0}.Release|Any CPU.ActiveCfg = Release|Any CPU
		{BB7E9B56-182F-4C2B-BD24-FD912A0263A0}.Release|Any CPU.Build.0 = Release|Any CPU
	EndGlobalSection
	GlobalSection(SolutionProperties) = preSolution
		HideSolutionNode = FALSE
	EndGlobalSection
	GlobalSection(ExtensibilityGlobals) = postSolution
		SolutionGuid = {11AAA230-1F60-41B8-928F-676233E74CB6}
	EndGlobalSection
EndGlobal
